
Microsoft Visual Studio Solution File, Format Version 12.00
# Visual Studio Version 17
VisualStudioVersion = 17.3.32929.385
MinimumVisualStudioVersion = 10.0.40219.1
Project("{FAE04EC0-301F-11D3-BF4B-00C04F79EFBC}") = "GenericsIntro", "GenericsIntro\GenericsIntro.csproj", "{762CC770-CF60-475C-9D9E-4681A2AC2710}"
EndProject
Global
	GlobalSection(SolutionConfigurationPlatforms) = preSolution
		Debug|Any CPU = Debug|Any CPU
		Release|Any CPU = Release|Any CPU
	EndGlobalSection
	GlobalSection(ProjectConfigurationPlatforms) = postSolution
		{762CC770-CF60-475C-9D9E-4681A2AC2710}.Debug|Any CPU.ActiveCfg = Debug|Any CPU
		{762CC770-CF60-475C-9D9E-4681A2AC2710}.Debug|Any CPU.Build.0 = Debug|Any CPU
		{762CC770-CF60-475C-9D9E-4681A2AC2710}.Release|Any CPU.ActiveCfg = Release|Any CPU
		{762CC770-CF60-475C-9D9E-4681A2AC2710}.Release|Any CPU.Build.0 = Release|Any CPU
	EndGlobalSection
	GlobalSection(SolutionProperties) = preSolution
		HideSolutionNode = FALSE
	EndGlobalSection
	GlobalSection(ExtensibilityGlobals) = postSolution
		SolutionGuid = {86BA1E65-DCD3-4667-A737-1A99CCE78430}
	EndGlobalSection
EndGlobal
